
Microsoft Visual Studio Solution File, Format Version 12.00
# Visual Studio Version 17
VisualStudioVersion = 17.11.35327.3
MinimumVisualStudioVersion = 10.0.40219.1
Project("{8BC9CEB8-8B4A-11D0-8D11-00A0C91BC942}") = "Cash_Money", "Cash_Money\Cash_Money.vcxproj", "{F000A85E-37AE-41AE-AA9F-F6D6D79D2CFD}"
EndProject
Global
	GlobalSection(SolutionConfigurationPlatforms) = preSolution
		Debug|x64 = Debug|x64
		Debug|x86 = Debug|x86
		Release|x64 = Release|x64
		Release|x86 = Release|x86
	EndGlobalSection
	GlobalSection(ProjectConfigurationPlatforms) = postSolution
		{F000A85E-37AE-41AE-AA9F-F6D6D79D2CFD}.Debug|x64.ActiveCfg = Debug|x64
		{F000A85E-37AE-41AE-AA9F-F6D6D79D2CFD}.Debug|x64.Build.0 = Debug|x64
		{F000A85E-37AE-41AE-AA9F-F6D6D79D2CFD}.Debug|x86.ActiveCfg = Debug|Win32
		{F000A85E-37AE-41AE-AA9F-F6D6D79D2CFD}.Debug|x86.Build.0 = Debug|Win32
		{F000A85E-37AE-41AE-AA9F-F6D6D79D2CFD}.Release|x64.ActiveCfg = Release|x64
		{F000A85E-37AE-41AE-AA9F-F6D6D79D2CFD}.Release|x64.Build.0 = Release|x64
		{F000A85E-37AE-41AE-AA9F-F6D6D79D2CFD}.Release|x86.ActiveCfg = Release|Win32
		{F000A85E-37AE-41AE-AA9F-F6D6D79D2CFD}.Release|x86.Build.0 = Release|Win32
	EndGlobalSection
	GlobalSection(SolutionProperties) = preSolution
		HideSolutionNode = FALSE
	EndGlobalSection
	GlobalSection(ExtensibilityGlobals) = postSolution
		SolutionGuid = {FC696350-2E4E-4C41-A4B4-043971293841}
	EndGlobalSection
EndGlobal
